PODS:
  - Capacitor (6.2.1):
    - CapacitorCordova
  - CapacitorApp (7.1.1):
    - Capacitor
  - CapacitorCordova (6.2.1)
  - CapacitorFilesystem (7.1.5):
    - Capacitor
    - IONFilesystemLib (~> 1.0.1)
  - CapacitorHaptics (7.0.3):
    - Capacitor
  - CapacitorKeyboard (7.0.4):
    - Capacitor
  - CapacitorStatusBar (7.0.4):
    - Capacitor
  - CapacitorZeroconf (3.0.0):
    - Capacitor
  - CordovaPlugins (6.2.1):
    - CapacitorCordova
  - IONFilesystemLib (1.0.1)

DEPENDENCIES:
  - "Capacitor (from `../../node_modules/.pnpm/@capacitor+ios@6.2.1_@capacitor+core@7.4.4/node_modules/@capacitor/ios`)"
  - "CapacitorApp (from `../../node_modules/.pnpm/@capacitor+app@7.1.1_@capacitor+core@7.4.4/node_modules/@capacitor/app`)"
  - "CapacitorCordova (from `../../node_modules/.pnpm/@capacitor+ios@6.2.1_@capacitor+core@7.4.4/node_modules/@capacitor/ios`)"
  - "CapacitorFilesystem (from `../../node_modules/.pnpm/@capacitor+filesystem@7.1.5_@capacitor+core@7.4.4/node_modules/@capacitor/filesystem`)"
  - "CapacitorHaptics (from `../../node_modules/.pnpm/@capacitor+haptics@7.0.3_@capacitor+core@7.4.4/node_modules/@capacitor/haptics`)"
  - "CapacitorKeyboard (from `../../node_modules/.pnpm/@capacitor+keyboard@7.0.4_@capacitor+core@7.4.4/node_modules/@capacitor/keyboard`)"
  - "CapacitorStatusBar (from `../../node_modules/.pnpm/@capacitor+status-bar@7.0.4_@capacitor+core@7.4.4/node_modules/@capacitor/status-bar`)"
  - "CapacitorZeroconf (from `../../node_modules/.pnpm/capacitor-zeroconf@3.0.0_@capacitor+core@7.4.4_bonjour@3.5.0/node_modules/capacitor-zeroconf`)"
  - CordovaPlugins (from `../capacitor-cordova-ios-plugins`)

SPEC REPOS:
  trunk:
    - IONFilesystemLib

EXTERNAL SOURCES:
  Capacitor:
    :path: "../../node_modules/.pnpm/@capacitor+ios@6.2.1_@capacitor+core@7.4.4/node_modules/@capacitor/ios"
  CapacitorApp:
    :path: "../../node_modules/.pnpm/@capacitor+app@7.1.1_@capacitor+core@7.4.4/node_modules/@capacitor/app"
  CapacitorCordova:
    :path: "../../node_modules/.pnpm/@capacitor+ios@6.2.1_@capacitor+core@7.4.4/node_modules/@capacitor/ios"
  CapacitorFilesystem:
    :path: "../../node_modules/.pnpm/@capacitor+filesystem@7.1.5_@capacitor+core@7.4.4/node_modules/@capacitor/filesystem"
  CapacitorHaptics:
    :path: "../../node_modules/.pnpm/@capacitor+haptics@7.0.3_@capacitor+core@7.4.4/node_modules/@capacitor/haptics"
  CapacitorKeyboard:
    :path: "../../node_modules/.pnpm/@capacitor+keyboard@7.0.4_@capacitor+core@7.4.4/node_modules/@capacitor/keyboard"
  CapacitorStatusBar:
    :path: "../../node_modules/.pnpm/@capacitor+status-bar@7.0.4_@capacitor+core@7.4.4/node_modules/@capacitor/status-bar"
  CapacitorZeroconf:
    :path: "../../node_modules/.pnpm/capacitor-zeroconf@3.0.0_@capacitor+core@7.4.4_bonjour@3.5.0/node_modules/capacitor-zeroconf"
  CordovaPlugins:
    :path: "../capacitor-cordova-ios-plugins"

SPEC CHECKSUMS:
  Capacitor: c95400d761e376be9da6be5a05f226c0e865cebf
  CapacitorApp: 63b237168fc869e758481dba283315a85743ee78
  CapacitorCordova: 8d93e14982f440181be7304aa9559ca631d77fff
  CapacitorFilesystem: 609d5cceca1ed93d7f25839dbfdfd224bfe78209
  CapacitorHaptics: ce15be8f287fa2c61c7d2d9e958885b90cf0bebc
  CapacitorKeyboard: 5660c760113bfa48962817a785879373cf5339c3
  CapacitorStatusBar: d0e0151c89c001a9c7125bac59ddedf76b664768
  CapacitorZeroconf: 5e812add0e5cda9a2509a6f747d1f917c39e4368
  CordovaPlugins: 2ecbba09775516c41764dbf78ade612427311b7e
  IONFilesystemLib: 89258b8e3e85465da93127d25d7ce37f977e8a6f

PODFILE CHECKSUM: f780177730949878c2b3be4e9a1de0f6d8813e79

COCOAPODS: 1.16.2
